
Microsoft Visual Studio Solution File, Format Version 12.00
# Visual Studio 15
VisualStudioVersion = 15.0.28010.2046
MinimumVisualStudioVersion = 10.0.40219.1
Project("{FAE04EC0-301F-11D3-BF4B-00C04F79EFBC}") = "POC_KMap", "POC-KMap\POC_KMap.csproj", "{35654DDA-9839-4B48-98D9-E425D2DA7C9F}"
EndProject
Project("{FAE04EC0-301F-11D3-BF4B-00C04F79EFBC}") = "KTests", "KTests\KTests.csproj", "{575037C5-DD60-4FEF-903B-ED9060683ECB}"
EndProject
Project("{FAE04EC0-301F-11D3-BF4B-00C04F79EFBC}") = "PlayGround", "PlayGround\PlayGround.csproj", "{0B2971C2-97B8-40A0-9040-B981E92C5E90}"
EndProject
Global
	GlobalSection(SolutionConfigurationPlatforms) = preSolution
		Debug|Any CPU = Debug|Any CPU
		Release|Any CPU = Release|Any CPU
	EndGlobalSection
	GlobalSection(ProjectConfigurationPlatforms) = postSolution
		{35654DDA-9839-4B48-98D9-E425D2DA7C9F}.Debug|Any CPU.ActiveCfg = Debug|Any CPU
		{35654DDA-9839-4B48-98D9-E425D2DA7C9F}.Debug|Any CPU.Build.0 = Debug|Any CPU
		{35654DDA-9839-4B48-98D9-E425D2DA7C9F}.Release|Any CPU.ActiveCfg = Release|Any CPU
		{35654DDA-9839-4B48-98D9-E425D2DA7C9F}.Release|Any CPU.Build.0 = Release|Any CPU
		{575037C5-DD60-4FEF-903B-ED9060683ECB}.Debug|Any CPU.ActiveCfg = Debug|Any CPU
		{575037C5-DD60-4FEF-903B-ED9060683ECB}.Debug|Any CPU.Build.0 = Debug|Any CPU
		{575037C5-DD60-4FEF-903B-ED9060683ECB}.Release|Any CPU.ActiveCfg = Release|Any CPU
		{575037C5-DD60-4FEF-903B-ED9060683ECB}.Release|Any CPU.Build.0 = Release|Any CPU
		{0B2971C2-97B8-40A0-9040-B981E92C5E90}.Debug|Any CPU.ActiveCfg = Debug|Any CPU
		{0B2971C2-97B8-40A0-9040-B981E92C5E90}.Debug|Any CPU.Build.0 = Debug|Any CPU
		{0B2971C2-97B8-40A0-9040-B981E92C5E90}.Release|Any CPU.ActiveCfg = Release|Any CPU
		{0B2971C2-97B8-40A0-9040-B981E92C5E90}.Release|Any CPU.Build.0 = Release|Any CPU
	EndGlobalSection
	GlobalSection(SolutionProperties) = preSolution
		HideSolutionNode = FALSE
	EndGlobalSection
	GlobalSection(ExtensibilityGlobals) = postSolution
		SolutionGuid = {48847408-42FF-44BB-B766-03361788334C}
	EndGlobalSection
EndGlobal
